
Microsoft Visual Studio Solution File, Format Version 10.00
# Visual Studio 2008
Project("{8BC9CEB8-8B4A-11D0-8D11-00A0C91BC943}") = "T48ANIM", "T48ANIM.vcproj", "{F21B6A9E-D850-4A0F-A0F9-0B36CB49932F}"
EndProject
Global
	GlobalSection(SolutionConfigurationPlatforms) = preSolution
		Debug|Win32 = Debug|Win32
		Release|Win32 = Release|Win32
	EndGlobalSection
	GlobalSection(ProjectConfigurationPlatforms) = postSolution
		{F21B6A9E-D850-4A0F-A0F9-0B36CB49932F}.Debug|Win32.ActiveCfg = Debug|Win32
		{F21B6A9E-D850-4A0F-A0F9-0B36CB49932F}.Debug|Win32.Build.0 = Debug|Win32
		{F21B6A9E-D850-4A0F-A0F9-0B36CB49932F}.Release|Win32.ActiveCfg = Release|Win32
		{F21B6A9E-D850-4A0F-A0F9-0B36CB49932F}.Release|Win32.Build.0 = Release|Win32
	EndGlobalSection
	GlobalSection(SolutionProperties) = preSolution
		HideSolutionNode = FALSE
	EndGlobalSection
EndGlobal
